
Microsoft Visual Studio Solution File, Format Version 12.00
# Visual Studio 15
VisualStudioVersion = 15.0.28010.2048
MinimumVisualStudioVersion = 10.0.40219.1
Project("{FAE04EC0-301F-11D3-BF4B-00C04F79EFBC}") = "DevelopersDirectory", "DevelopersDirectory\DevelopersDirectory.csproj", "{91A01EA8-2D03-45A5-AB48-A27203F1541E}"
EndProject
Project("{FAE04EC0-301F-11D3-BF4B-00C04F79EFBC}") = "DevelopersDirectoryTest", "DevelopersDirectoryTest\DevelopersDirectoryTest.csproj", "{A59B569A-2401-4AF1-8F73-0A1FB861C9F0}"
EndProject
Global
	GlobalSection(SolutionConfigurationPlatforms) = preSolution
		Debug|Any CPU = Debug|Any CPU
		Release|Any CPU = Release|Any CPU
	EndGlobalSection
	GlobalSection(ProjectConfigurationPlatforms) = postSolution
		{91A01EA8-2D03-45A5-AB48-A27203F1541E}.Debug|Any CPU.ActiveCfg = Debug|Any CPU
		{91A01EA8-2D03-45A5-AB48-A27203F1541E}.Debug|Any CPU.Build.0 = Debug|Any CPU
		{91A01EA8-2D03-45A5-AB48-A27203F1541E}.Release|Any CPU.ActiveCfg = Release|Any CPU
		{91A01EA8-2D03-45A5-AB48-A27203F1541E}.Release|Any CPU.Build.0 = Release|Any CPU
		{A59B569A-2401-4AF1-8F73-0A1FB861C9F0}.Debug|Any CPU.ActiveCfg = Debug|Any CPU
		{A59B569A-2401-4AF1-8F73-0A1FB861C9F0}.Debug|Any CPU.Build.0 = Debug|Any CPU
		{A59B569A-2401-4AF1-8F73-0A1FB861C9F0}.Release|Any CPU.ActiveCfg = Release|Any CPU
		{A59B569A-2401-4AF1-8F73-0A1FB861C9F0}.Release|Any CPU.Build.0 = Release|Any CPU
	EndGlobalSection
	GlobalSection(SolutionProperties) = preSolution
		HideSolutionNode = FALSE
	EndGlobalSection
	GlobalSection(ExtensibilityGlobals) = postSolution
		SolutionGuid = {2C67B86B-D293-4AFD-8BAA-90C9451155B8}
	EndGlobalSection
EndGlobal
